
Microsoft Visual Studio Solution File, Format Version 12.00
# Visual Studio Version 16
VisualStudioVersion = 16.0.29403.142
MinimumVisualStudioVersion = 10.0.40219.1
Project("{FAE04EC0-301F-11D3-BF4B-00C04F79EFBC}") = "MazeRunner", "MazeRunner\MazeRunner.csproj", "{2B73A69B-2FA1-43C6-B018-EFCCC9E3421B}"
EndProject
Global
	GlobalSection(SolutionConfigurationPlatforms) = preSolution
		Debug|Any CPU = Debug|Any CPU
		Release|Any CPU = Release|Any CPU
	EndGlobalSection
	GlobalSection(ProjectConfigurationPlatforms) = postSolution
		{2B73A69B-2FA1-43C6-B018-EFCCC9E3421B}.Debug|Any CPU.ActiveCfg = Debug|Any CPU
		{2B73A69B-2FA1-43C6-B018-EFCCC9E3421B}.Debug|Any CPU.Build.0 = Debug|Any CPU
		{2B73A69B-2FA1-43C6-B018-EFCCC9E3421B}.Release|Any CPU.ActiveCfg = Release|Any CPU
		{2B73A69B-2FA1-43C6-B018-EFCCC9E3421B}.Release|Any CPU.Build.0 = Release|Any CPU
	EndGlobalSection
	GlobalSection(SolutionProperties) = preSolution
		HideSolutionNode = FALSE
	EndGlobalSection
	GlobalSection(ExtensibilityGlobals) = postSolution
		SolutionGuid = {3FF363EC-510A-46C0-8B3F-6B3EB74B8E58}
	EndGlobalSection
EndGlobal
